<?xml version="1.0" encoding="utf-8"?>
<Project ToolsVersion="4.0" xmlns="http://schemas.microsoft.com/developer/msbuild/2003">
  <ItemGroup>
    <Filter Include="Resource Files">
      <UniqueIdentifier>{1f5fbda0-db0f-4afb-8973-3db24e4df79b}</UniqueIdentifier>
    </Filter>
  </ItemGroup>
  <ItemGroup>
    <Image Include="Resource Files\eaeAlien.ico">
      <Filter>Resource Files</Filter>
    </Image>
    <Image Include="Resource Files\eaeGamePad.ico">
      <Filter>Resource Files</Filter>
    </Image>
    <Image Include="Resource Files\vsDefault_large.ico">
      <Filter>Resource Files</Filter>
    </Image>
    <Image Include="Resource Files\vsDefault_small.ico">
      <Filter>Resource Files</Filter>
    </Image>
  </ItemGroup>
  <ItemGroup>
    <ResourceCompile Include="Resource Files\FinalGame.rc">
      <Filter>Resource Files</Filter>
    </ResourceCompile>
  </ItemGroup>
  <ItemGroup>
    <ClInclude Include="Resource Files\Resource.h">
      <Filter>Resource Files</Filter>
    </ClInclude>
    <ClInclude Include="Resource Files\targetver.h">
      <Filter>Resource Files</Filter>
    </ClInclude>
    <ClInclude Include="cFinalGame.h" />
  </ItemGroup>
  <ItemGroup>
    <ClCompile Include="cFinalGame.cpp" />
    <ClCompile Include="EntryPoint.cpp" />
  </ItemGroup>
</Project>